{
  "requires": true,
  "lockfileVersion": 1,
  "dependencies": {
    "@types/lodash": {
      "version": "4.14.104",
      "resolved": "http://registry.npmjs.org/@types/lodash/-/lodash-4.14.104.tgz",
      "integrity": "sha512-ufQcVg4daO8xQ5kopxRHanqFdL4AI7ondQkV+2f+7mz3gvp0LkBx2zBRC6hfs3T87mzQFmf5Fck7Fi145Ul6NQ==",
      "dev": true
    },
    "loadash": {
      "version": "1.0.0",
      "resolved": "https://registry.npmjs.org/loadash/-/loadash-1.0.0.tgz",
      "integrity": "sha512-xlX5HBsXB3KG0FJbJJG/3kYWCfsCyCSus3T+uHVu6QL6YxAdggmm3QeyLgn54N2yi5/UE6xxL5ZWJAAiHzHYEg=="
    }
  }
}
